// !$*UTF8*$!
{
	archiveVersion = 1;
	classes = {
	};
	objectVersion = 45;
	objects = {

/* Begin PBXBuildFile section */
		6ECE108211FB3A0C00F4299E /* ScreenshotProvider.h in Headers */ = {isa = PBXBuildFile; fileRef = 6ECE108011FB3A0C00F4299E /* ScreenshotProvider.h */; };
		6ECE108311FB3A0C00F4299E /* ScreenshotProvider.m in Sources */ = {isa = PBXBuildFile; fileRef = 6ECE108111FB3A0C00F4299E /* ScreenshotProvider.m */; };
		6ECE109D11FB3B0000F4299E /* UncaughtExceptionHandler.h in Headers */ = {isa = PBXBuildFile; fileRef = 6ECE109911FB3B0000F4299E /* UncaughtExceptionHandler.h */; };
		6ECE109E11FB3B0000F4299E /* UncaughtExceptionHandler.m in Sources */ = {isa = PBXBuildFile; fileRef = 6ECE109A11FB3B0000F4299E /* UncaughtExceptionHandler.m */; };
		6ECE109F11FB3B0000F4299E /* NetExceptionLogger.h in Headers */ = {isa = PBXBuildFile; fileRef = 6ECE109B11FB3B0000F4299E /* NetExceptionLogger.h */; };
		6ECE10A011FB3B0000F4299E /* NetExceptionLogger.m in Sources */ = {isa = PBXBuildFile; fileRef = 6ECE109C11FB3B0000F4299E /* NetExceptionLogger.m */; };
		6ECE128D11FB61B900F4299E /* AppRegistrator.h in Headers */ = {isa = PBXBuildFile; fileRef = 6ECE128C11FB61B900F4299E /* AppRegistrator.h */; };
		AA747D9F0F9514B9006C5449 /* AppRegistratorAPI_Prefix.pch in Headers */ = {isa = PBXBuildFile; fileRef = AA747D9E0F9514B9006C5449 /* AppRegistratorAPI_Prefix.pch */; };
		AACBBE4A0F95108600F1A2B1 /* Foundation.framework in Frameworks */ = {isa = PBXBuildFile; fileRef = AACBBE490F95108600F1A2B1 /* Foundation.framework */; };
/* End PBXBuildFile section */

/* Begin PBXFileReference section */
		6ECE108011FB3A0C00F4299E /* ScreenshotProvider.h */ = {isa = PBXFileReference; fileEncoding = 4; lastKnownFileType = sourcecode.c.h; path = ScreenshotProvider.h; sourceTree = "<group>"; };
		6ECE108111FB3A0C00F4299E /* ScreenshotProvider.m */ = {isa = PBXFileReference; fileEncoding = 4; lastKnownFileType = sourcecode.c.objc; path = ScreenshotProvider.m; sourceTree = "<group>"; };
		6ECE109911FB3B0000F4299E /* UncaughtExceptionHandler.h */ = {isa = PBXFileReference; fileEncoding = 4; lastKnownFileType = sourcecode.c.h; path = UncaughtExceptionHandler.h; sourceTree = "<group>"; };
		6ECE109A11FB3B0000F4299E /* UncaughtExceptionHandler.m */ = {isa = PBXFileReference; fileEncoding = 4; lastKnownFileType = sourcecode.c.objc; path = UncaughtExceptionHandler.m; sourceTree = "<group>"; };
		6ECE109B11FB3B0000F4299E /* NetExceptionLogger.h */ = {isa = PBXFileReference; fileEncoding = 4; lastKnownFileType = sourcecode.c.h; path = NetExceptionLogger.h; sourceTree = "<group>"; };
		6ECE109C11FB3B0000F4299E /* NetExceptionLogger.m */ = {isa = PBXFileReference; fileEncoding = 4; lastKnownFileType = sourcecode.c.objc; path = NetExceptionLogger.m; sourceTree = "<group>"; };
		6ECE128C11FB61B900F4299E /* AppRegistrator.h */ = {isa = PBXFileReference; fileEncoding = 4; lastKnownFileType = sourcecode.c.h; path = AppRegistrator.h; sourceTree = "<group>"; };
		AA747D9E0F9514B9006C5449 /* AppRegistratorAPI_Prefix.pch */ = {isa = PBXFileReference; fileEncoding = 4; lastKnownFileType = sourcecode.c.h; path = AppRegistratorAPI_Prefix.pch; sourceTree = SOURCE_ROOT; };
		AACBBE490F95108600F1A2B1 /* Foundation.framework */ = {isa = PBXFileReference; lastKnownFileType = wrapper.framework; name = Foundation.framework; path = System/Library/Frameworks/Foundation.framework; sourceTree = SDKROOT; };
		D2AAC07E0554694100DB518D /* libAppRegistratorAPI.a */ = {isa = PBXFileReference; explicitFileType = archive.ar; includeInIndex = 0; path = libAppRegistratorAPI.a; sourceTree = BUILT_PRODUCTS_DIR; };
/* End PBXFileReference section */

/* Begin PBXFrameworksBuildPhase section */
		D2AAC07C0554694100DB518D /* Frameworks */ = {
			isa = PBXFrameworksBuildPhase;
			buildActionMask = 2147483647;
			files = (
				AACBBE4A0F95108600F1A2B1 /* Foundation.framework in Frameworks */,
			);
			runOnlyForDeploymentPostprocessing = 0;
		};
/* End PBXFrameworksBuildPhase section */

/* Begin PBXGroup section */
		034768DFFF38A50411DB9C8B /* Products */ = {
			isa = PBXGroup;
			children = (
				D2AAC07E0554694100DB518D /* libAppRegistratorAPI.a */,
			);
			name = Products;
			sourceTree = "<group>";
		};
		0867D691FE84028FC02AAC07 /* AppRegistratorAPI */ = {
			isa = PBXGroup;
			children = (
				08FB77AEFE84172EC02AAC07 /* Classes */,
				32C88DFF0371C24200C91783 /* Other Sources */,
				0867D69AFE84028FC02AAC07 /* Frameworks */,
				034768DFFF38A50411DB9C8B /* Products */,
			);
			name = AppRegistratorAPI;
			sourceTree = "<group>";
		};
		0867D69AFE84028FC02AAC07 /* Frameworks */ = {
			isa = PBXGroup;
			children = (
				AACBBE490F95108600F1A2B1 /* Foundation.framework */,
			);
			name = Frameworks;
			sourceTree = "<group>";
		};
		08FB77AEFE84172EC02AAC07 /* Classes */ = {
			isa = PBXGroup;
			children = (
				6ECE109811FB3B0000F4299E /* ExceptionHandler */,
				6ECE108011FB3A0C00F4299E /* ScreenshotProvider.h */,
				6ECE108111FB3A0C00F4299E /* ScreenshotProvider.m */,
				6ECE128C11FB61B900F4299E /* AppRegistrator.h */,
			);
			name = Classes;
			sourceTree = "<group>";
		};
		32C88DFF0371C24200C91783 /* Other Sources */ = {
			isa = PBXGroup;
			children = (
				AA747D9E0F9514B9006C5449 /* AppRegistratorAPI_Prefix.pch */,
			);
			name = "Other Sources";
			sourceTree = "<group>";
		};
		6ECE109811FB3B0000F4299E /* ExceptionHandler */ = {
			isa = PBXGroup;
			children = (
				6ECE109911FB3B0000F4299E /* UncaughtExceptionHandler.h */,
				6ECE109A11FB3B0000F4299E /* UncaughtExceptionHandler.m */,
				6ECE109B11FB3B0000F4299E /* NetExceptionLogger.h */,
				6ECE109C11FB3B0000F4299E /* NetExceptionLogger.m */,
			);
			name = ExceptionHandler;
			sourceTree = "<group>";
		};
/* End PBXGroup section */

/* Begin PBXHeadersBuildPhase section */
		D2AAC07A0554694100DB518D /* Headers */ = {
			isa = PBXHeadersBuildPhase;
			buildActionMask = 2147483647;
			files = (
				AA747D9F0F9514B9006C5449 /* AppRegistratorAPI_Prefix.pch in Headers */,
				6ECE108211FB3A0C00F4299E /* ScreenshotProvider.h in Headers */,
				6ECE109D11FB3B0000F4299E /* UncaughtExceptionHandler.h in Headers */,
				6ECE109F11FB3B0000F4299E /* NetExceptionLogger.h in Headers */,
				6ECE128D11FB61B900F4299E /* AppRegistrator.h in Headers */,
			);
			runOnlyForDeploymentPostprocessing = 0;
		};
/* End PBXHeadersBuildPhase section */

/* Begin PBXNativeTarget section */
		D2AAC07D0554694100DB518D /* AppRegistratorAPI */ = {
			isa = PBXNativeTarget;
			buildConfigurationList = 1DEB921E08733DC00010E9CD /* Build configuration list for PBXNativeTarget "AppRegistratorAPI" */;
			buildPhases = (
				D2AAC07A0554694100DB518D /* Headers */,
				D2AAC07B0554694100DB518D /* Sources */,
				D2AAC07C0554694100DB518D /* Frameworks */,
			);
			buildRules = (
			);
			dependencies = (
			);
			name = AppRegistratorAPI;
			productName = AppRegistratorAPI;
			productReference = D2AAC07E0554694100DB518D /* libAppRegistratorAPI.a */;
			productType = "com.apple.product-type.library.static";
		};
/* End PBXNativeTarget section */

/* Begin PBXProject section */
		0867D690FE84028FC02AAC07 /* Project object */ = {
			isa = PBXProject;
			buildConfigurationList = 1DEB922208733DC00010E9CD /* Build configuration list for PBXProject "AppRegistratorAPI" */;
			compatibilityVersion = "Xcode 3.1";
			developmentRegion = English;
			hasScannedForEncodings = 1;
			knownRegions = (
				en,
			);
			mainGroup = 0867D691FE84028FC02AAC07 /* AppRegistratorAPI */;
			productRefGroup = 034768DFFF38A50411DB9C8B /* Products */;
			projectDirPath = "";
			projectRoot = "";
			targets = (
				D2AAC07D0554694100DB518D /* AppRegistratorAPI */,
			);
		};
/* End PBXProject section */

/* Begin PBXSourcesBuildPhase section */
		D2AAC07B0554694100DB518D /* Sources */ = {
			isa = PBXSourcesBuildPhase;
			buildActionMask = 2147483647;
			files = (
				6ECE108311FB3A0C00F4299E /* ScreenshotProvider.m in Sources */,
				6ECE109E11FB3B0000F4299E /* UncaughtExceptionHandler.m in Sources */,
				6ECE10A011FB3B0000F4299E /* NetExceptionLogger.m in Sources */,
			);
			runOnlyForDeploymentPostprocessing = 0;
		};
/* End PBXSourcesBuildPhase section */

/* Begin XCBuildConfiguration section */
		1DEB921F08733DC00010E9CD /* Debug */ = {
			isa = XCBuildConfiguration;
			buildSettings = {
				ALWAYS_SEARCH_USER_PATHS = NO;
				ARCHS = "$(ARCHS_STANDARD_32_BIT)";
				COPY_PHASE_STRIP = NO;
				DSTROOT = /tmp/AppRegistratorAPI.dst;
				GCC_DYNAMIC_NO_PIC = NO;
				GCC_ENABLE_FIX_AND_CONTINUE = YES;
				GCC_MODEL_TUNING = G5;
				GCC_OPTIMIZATION_LEVEL = 0;
				GCC_PRECOMPILE_PREFIX_HEADER = YES;
				GCC_PREFIX_HEADER = AppRegistratorAPI_Prefix.pch;
				INSTALL_PATH = /usr/local/lib;
				PRODUCT_NAME = AppRegistratorAPI;
			};
			name = Debug;
		};
		1DEB922008733DC00010E9CD /* Release */ = {
			isa = XCBuildConfiguration;
			buildSettings = {
				ALWAYS_SEARCH_USER_PATHS = NO;
				ARCHS = "$(ARCHS_STANDARD_32_BIT)";
				DSTROOT = /tmp/AppRegistratorAPI.dst;
				GCC_MODEL_TUNING = G5;
				GCC_PRECOMPILE_PREFIX_HEADER = YES;
				GCC_PREFIX_HEADER = AppRegistratorAPI_Prefix.pch;
				INSTALL_PATH = /usr/local/lib;
				PRODUCT_NAME = AppRegistratorAPI;
			};
			name = Release;
		};
		1DEB922308733DC00010E9CD /* Debug */ = {
			isa = XCBuildConfiguration;
			buildSettings = {
				ARCHS = "$(ARCHS_STANDARD_32_BIT)";
				GCC_C_LANGUAGE_STANDARD = c99;
				GCC_OPTIMIZATION_LEVEL = 0;
				GCC_WARN_ABOUT_RETURN_TYPE = YES;
				GCC_WARN_UNUSED_VARIABLE = YES;
				OTHER_LDFLAGS = (
					"-all_load",
					"-ObjC",
				);
				PREBINDING = NO;
				SDKROOT = iphoneos4.1;
			};
			name = Debug;
		};
		1DEB922408733DC00010E9CD /* Release */ = {
			isa = XCBuildConfiguration;
			buildSettings = {
				ARCHS = "$(ARCHS_STANDARD_32_BIT)";
				GCC_C_LANGUAGE_STANDARD = c99;
				GCC_WARN_ABOUT_RETURN_TYPE = YES;
				GCC_WARN_UNUSED_VARIABLE = YES;
				OTHER_LDFLAGS = (
					"-all_load",
					"-ObjC",
				);
				PREBINDING = NO;
				SDKROOT = iphoneos4.1;
			};
			name = Release;
		};
/* End XCBuildConfiguration section */

/* Begin XCConfigurationList section */
		1DEB921E08733DC00010E9CD /* Build configuration list for PBXNativeTarget "AppRegistratorAPI" */ = {
			isa = XCConfigurationList;
			buildConfigurations = (
				1DEB921F08733DC00010E9CD /* Debug */,
				1DEB922008733DC00010E9CD /* Release */,
			);
			defaultConfigurationIsVisible = 0;
			defaultConfigurationName = Release;
		};
		1DEB922208733DC00010E9CD /* Build configuration list for PBXProject "AppRegistratorAPI" */ = {
			isa = XCConfigurationList;
			buildConfigurations = (
				1DEB922308733DC00010E9CD /* Debug */,
				1DEB922408733DC00010E9CD /* Release */,
			);
			defaultConfigurationIsVisible = 0;
			defaultConfigurationName = Release;
		};
/* End XCConfigurationList section */
	};
	rootObject = 0867D690FE84028FC02AAC07 /* Project object */;
}
